
Microsoft Visual Studio Solution File, Format Version 12.00
# Visual Studio Version 16
VisualStudioVersion = 16.0.29509.3
MinimumVisualStudioVersion = 10.0.40219.1
Project("{9A19103F-16F7-4668-BE54-9A1E7A4F7556}") = "CrudWithReactAspNetCore", "CRUD\CrudWithReactAspNetCore.csproj", "{C121402A-DA8A-402D-8485-1EE8D922468F}"
EndProject
Global
	GlobalSection(SolutionConfigurationPlatforms) = preSolution
		Debug|Any CPU = Debug|Any CPU
		Release|Any CPU = Release|Any CPU
	EndGlobalSection
	GlobalSection(ProjectConfigurationPlatforms) = postSolution
		{C121402A-DA8A-402D-8485-1EE8D922468F}.Debug|Any CPU.ActiveCfg = Debug|Any CPU
		{C121402A-DA8A-402D-8485-1EE8D922468F}.Debug|Any CPU.Build.0 = Debug|Any CPU
		{C121402A-DA8A-402D-8485-1EE8D922468F}.Release|Any CPU.ActiveCfg = Release|Any CPU
		{C121402A-DA8A-402D-8485-1EE8D922468F}.Release|Any CPU.Build.0 = Release|Any CPU
	EndGlobalSection
	GlobalSection(SolutionProperties) = preSolution
		HideSolutionNode = FALSE
	EndGlobalSection
	GlobalSection(ExtensibilityGlobals) = postSolution
		SolutionGuid = {98D7C5AD-56C1-41D9-95BE-7C80DA35A1EC}
	EndGlobalSection
EndGlobal
